
Microsoft Visual Studio Solution File, Format Version 12.00
# Visual Studio Version 16
VisualStudioVersion = 16.0.31410.357
MinimumVisualStudioVersion = 10.0.40219.1
Project("{FAE04EC0-301F-11D3-BF4B-00C04F79EFBC}") = "MimicAPI", "MimicAPI\MimicAPI.csproj", "{04389289-8F74-4CFD-894D-2C01E18AC066}"
EndProject
Global
	GlobalSection(SolutionConfigurationPlatforms) = preSolution
		Debug|Any CPU = Debug|Any CPU
		Release|Any CPU = Release|Any CPU
	EndGlobalSection
	GlobalSection(ProjectConfigurationPlatforms) = postSolution
		{04389289-8F74-4CFD-894D-2C01E18AC066}.Debug|Any CPU.ActiveCfg = Debug|Any CPU
		{04389289-8F74-4CFD-894D-2C01E18AC066}.Debug|Any CPU.Build.0 = Debug|Any CPU
		{04389289-8F74-4CFD-894D-2C01E18AC066}.Release|Any CPU.ActiveCfg = Release|Any CPU
		{04389289-8F74-4CFD-894D-2C01E18AC066}.Release|Any CPU.Build.0 = Release|Any CPU
	EndGlobalSection
	GlobalSection(SolutionProperties) = preSolution
		HideSolutionNode = FALSE
	EndGlobalSection
	GlobalSection(ExtensibilityGlobals) = postSolution
		SolutionGuid = {8C4C1DEA-5932-4BD2-8698-76D7E0C7A709}
	EndGlobalSection
EndGlobal
